{
  "name": "vuexp-fonticon",
  "version": "0.2.0",
  "lockfileVersion": 1,
  "requires": true,
  "dependencies": {
    "nativescript-akylas-fonticon": {
      "version": "2.0.6",
      "resolved": "http://localhost:4873/nativescript-akylas-fonticon/-/nativescript-akylas-fonticon-2.0.6.tgz",
      "integrity": "sha512-0XuwG6gYW0D7CGg2aZxBTp5Z7eN828V9UTy+PbVFylq+60w0/d+RwqnTeMnH46QBbbrJM9104i9POUDNRNapEA=="
    }
  }
}
